
Microsoft Visual Studio Solution File, Format Version 12.00
# Visual Studio Version 17
VisualStudioVersion = 17.4.33205.214
MinimumVisualStudioVersion = 10.0.40219.1
Project("{FAE04EC0-301F-11D3-BF4B-00C04F79EFBC}") = "Paper_Rock_Scissors", "Paper_Rock_Scissors.csproj", "{A08AD77B-9BBF-438C-B7F6-AD1CAD073FDC}"
EndProject
Global
	GlobalSection(SolutionConfigurationPlatforms) = preSolution
		Debug|Any CPU = Debug|Any CPU
		Release|Any CPU = Release|Any CPU
	EndGlobalSection
	GlobalSection(ProjectConfigurationPlatforms) = postSolution
		{A08AD77B-9BBF-438C-B7F6-AD1CAD073FDC}.Debug|Any CPU.ActiveCfg = Debug|Any CPU
		{A08AD77B-9BBF-438C-B7F6-AD1CAD073FDC}.Debug|Any CPU.Build.0 = Debug|Any CPU
		{A08AD77B-9BBF-438C-B7F6-AD1CAD073FDC}.Release|Any CPU.ActiveCfg = Release|Any CPU
		{A08AD77B-9BBF-438C-B7F6-AD1CAD073FDC}.Release|Any CPU.Build.0 = Release|Any CPU
	EndGlobalSection
	GlobalSection(SolutionProperties) = preSolution
		HideSolutionNode = FALSE
	EndGlobalSection
	GlobalSection(ExtensibilityGlobals) = postSolution
		SolutionGuid = {E3AC6D0A-31C8-497E-B5EC-3B8F364052DB}
	EndGlobalSection
EndGlobal
